
Microsoft Visual Studio Solution File, Format Version 12.00
# Visual Studio Version 17
VisualStudioVersion = 17.0.31903.59
MinimumVisualStudioVersion = 10.0.40219.1
Project("{9A19103F-16F7-4668-BE54-9A1E7A4F7556}") = "BookEShop", "BookEShop\BookEShop.csproj", "{7F3525CB-6601-4512-84BF-EB616D957526}"
EndProject
Project("{9A19103F-16F7-4668-BE54-9A1E7A4F7556}") = "BookEShop.Application", "BookEShop.Application\BookEShop.Application.csproj", "{E6C47DC8-3459-442F-8842-2B3D07364782}"
EndProject
Project("{FAE04EC0-301F-11D3-BF4B-00C04F79EFBC}") = "BookEShop.Domain", "BookEShop.Domain\BookEShop.Domain.csproj", "{25DCDC63-C720-493B-AE62-CAC6CA444B30}"
EndProject
Project("{FAE04EC0-301F-11D3-BF4B-00C04F79EFBC}") = "BookEShop.Test", "BookEShop.Test\BookEShop.Test.csproj", "{44407A19-1598-482F-8809-F04E30171B0F}"
EndProject
Project("{FAE04EC0-301F-11D3-BF4B-00C04F79EFBC}") = "BookEShop.OrderService", "BookEShop.OrderService\BookEShop.OrderService.csproj", "{EBE4D852-4176-4957-8D86-0BCA31BC8343}"
EndProject
Project("{FAE04EC0-301F-11D3-BF4B-00C04F79EFBC}") = "BookEShop.CatalogService", "BookEShop.CatalogService\BookEShop.CatalogService.csproj", "{E6EDF863-BB14-4120-9BF5-09596F09B6C7}"
EndProject
Project("{FAE04EC0-301F-11D3-BF4B-00C04F79EFBC}") = "BookEShop.CartService", "BookEShop.CartService\BookEShop.CartService.csproj", "{A21E646C-EAEE-4B53-81DE-0ADD9C473E7D}"
EndProject
Project("{FAE04EC0-301F-11D3-BF4B-00C04F79EFBC}") = "BookEShop.AuthService", "BookEShop.AuthService\BookEShop.AuthService.csproj", "{8A4DCE62-438A-4E86-B64E-F1542F7058F4}"
EndProject
Global
	GlobalSection(SolutionConfigurationPlatforms) = preSolution
		Debug|Any CPU = Debug|Any CPU
		Debug|x64 = Debug|x64
		Debug|x86 = Debug|x86
		Release|Any CPU = Release|Any CPU
		Release|x64 = Release|x64
		Release|x86 = Release|x86
	EndGlobalSection
	GlobalSection(ProjectConfigurationPlatforms) = postSolution
		{7F3525CB-6601-4512-84BF-EB616D957526}.Debug|Any CPU.ActiveCfg = Debug|Any CPU
		{7F3525CB-6601-4512-84BF-EB616D957526}.Debug|Any CPU.Build.0 = Debug|Any CPU
		{7F3525CB-6601-4512-84BF-EB616D957526}.Debug|x64.ActiveCfg = Debug|Any CPU
		{7F3525CB-6601-4512-84BF-EB616D957526}.Debug|x64.Build.0 = Debug|Any CPU
		{7F3525CB-6601-4512-84BF-EB616D957526}.Debug|x86.ActiveCfg = Debug|Any CPU
		{7F3525CB-6601-4512-84BF-EB616D957526}.Debug|x86.Build.0 = Debug|Any CPU
		{7F3525CB-6601-4512-84BF-EB616D957526}.Release|Any CPU.ActiveCfg = Release|Any CPU
		{7F3525CB-6601-4512-84BF-EB616D957526}.Release|Any CPU.Build.0 = Release|Any CPU
		{7F3525CB-6601-4512-84BF-EB616D957526}.Release|x64.ActiveCfg = Release|Any CPU
		{7F3525CB-6601-4512-84BF-EB616D957526}.Release|x64.Build.0 = Release|Any CPU
		{7F3525CB-6601-4512-84BF-EB616D957526}.Release|x86.ActiveCfg = Release|Any CPU
		{7F3525CB-6601-4512-84BF-EB616D957526}.Release|x86.Build.0 = Release|Any CPU
		{E6C47DC8-3459-442F-8842-2B3D07364782}.Debug|Any CPU.ActiveCfg = Debug|Any CPU
		{E6C47DC8-3459-442F-8842-2B3D07364782}.Debug|Any CPU.Build.0 = Debug|Any CPU
		{E6C47DC8-3459-442F-8842-2B3D07364782}.Debug|x64.ActiveCfg = Debug|Any CPU
		{E6C47DC8-3459-442F-8842-2B3D07364782}.Debug|x64.Build.0 = Debug|Any CPU
		{E6C47DC8-3459-442F-8842-2B3D07364782}.Debug|x86.ActiveCfg = Debug|Any CPU
		{E6C47DC8-3459-442F-8842-2B3D07364782}.Debug|x86.Build.0 = Debug|Any CPU
		{E6C47DC8-3459-442F-8842-2B3D07364782}.Release|Any CPU.ActiveCfg = Release|Any CPU
		{E6C47DC8-3459-442F-8842-2B3D07364782}.Release|Any CPU.Build.0 = Release|Any CPU
		{E6C47DC8-3459-442F-8842-2B3D07364782}.Release|x64.ActiveCfg = Release|Any CPU
		{E6C47DC8-3459-442F-8842-2B3D07364782}.Release|x64.Build.0 = Release|Any CPU
		{E6C47DC8-3459-442F-8842-2B3D07364782}.Release|x86.ActiveCfg = Release|Any CPU
		{E6C47DC8-3459-442F-8842-2B3D07364782}.Release|x86.Build.0 = Release|Any CPU
		{25DCDC63-C720-493B-AE62-CAC6CA444B30}.Debug|Any CPU.ActiveCfg = Debug|Any CPU
		{25DCDC63-C720-493B-AE62-CAC6CA444B30}.Debug|Any CPU.Build.0 = Debug|Any CPU
		{25DCDC63-C720-493B-AE62-CAC6CA444B30}.Debug|x64.ActiveCfg = Debug|Any CPU
		{25DCDC63-C720-493B-AE62-CAC6CA444B30}.Debug|x64.Build.0 = Debug|Any CPU
		{25DCDC63-C720-493B-AE62-CAC6CA444B30}.Debug|x86.ActiveCfg = Debug|Any CPU
		{25DCDC63-C720-493B-AE62-CAC6CA444B30}.Debug|x86.Build.0 = Debug|Any CPU
		{25DCDC63-C720-493B-AE62-CAC6CA444B30}.Release|Any CPU.ActiveCfg = Release|Any CPU
		{25DCDC63-C720-493B-AE62-CAC6CA444B30}.Release|Any CPU.Build.0 = Release|Any CPU
		{25DCDC63-C720-493B-AE62-CAC6CA444B30}.Release|x64.ActiveCfg = Release|Any CPU
		{25DCDC63-C720-493B-AE62-CAC6CA444B30}.Release|x64.Build.0 = Release|Any CPU
		{25DCDC63-C720-493B-AE62-CAC6CA444B30}.Release|x86.ActiveCfg = Release|Any CPU
		{25DCDC63-C720-493B-AE62-CAC6CA444B30}.Release|x86.Build.0 = Release|Any CPU
		{44407A19-1598-482F-8809-F04E30171B0F}.Debug|Any CPU.ActiveCfg = Debug|Any CPU
		{44407A19-1598-482F-8809-F04E30171B0F}.Debug|Any CPU.Build.0 = Debug|Any CPU
		{44407A19-1598-482F-8809-F04E30171B0F}.Debug|x64.ActiveCfg = Debug|Any CPU
		{44407A19-1598-482F-8809-F04E30171B0F}.Debug|x64.Build.0 = Debug|Any CPU
		{44407A19-1598-482F-8809-F04E30171B0F}.Debug|x86.ActiveCfg = Debug|Any CPU
		{44407A19-1598-482F-8809-F04E30171B0F}.Debug|x86.Build.0 = Debug|Any CPU
		{44407A19-1598-482F-8809-F04E30171B0F}.Release|Any CPU.ActiveCfg = Release|Any CPU
		{44407A19-1598-482F-8809-F04E30171B0F}.Release|Any CPU.Build.0 = Release|Any CPU
		{44407A19-1598-482F-8809-F04E30171B0F}.Release|x64.ActiveCfg = Release|Any CPU
		{44407A19-1598-482F-8809-F04E30171B0F}.Release|x64.Build.0 = Release|Any CPU
		{44407A19-1598-482F-8809-F04E30171B0F}.Release|x86.ActiveCfg = Release|Any CPU
		{44407A19-1598-482F-8809-F04E30171B0F}.Release|x86.Build.0 = Release|Any CPU
		{EBE4D852-4176-4957-8D86-0BCA31BC8343}.Debug|Any CPU.ActiveCfg = Debug|Any CPU
		{EBE4D852-4176-4957-8D86-0BCA31BC8343}.Debug|Any CPU.Build.0 = Debug|Any CPU
		{EBE4D852-4176-4957-8D86-0BCA31BC8343}.Debug|x64.ActiveCfg = Debug|Any CPU
		{EBE4D852-4176-4957-8D86-0BCA31BC8343}.Debug|x64.Build.0 = Debug|Any CPU
		{EBE4D852-4176-4957-8D86-0BCA31BC8343}.Debug|x86.ActiveCfg = Debug|Any CPU
		{EBE4D852-4176-4957-8D86-0BCA31BC8343}.Debug|x86.Build.0 = Debug|Any CPU
		{EBE4D852-4176-4957-8D86-0BCA31BC8343}.Release|Any CPU.ActiveCfg = Release|Any CPU
		{EBE4D852-4176-4957-8D86-0BCA31BC8343}.Release|Any CPU.Build.0 = Release|Any CPU
		{EBE4D852-4176-4957-8D86-0BCA31BC8343}.Release|x64.ActiveCfg = Release|Any CPU
		{EBE4D852-4176-4957-8D86-0BCA31BC8343}.Release|x64.Build.0 = Release|Any CPU
		{EBE4D852-4176-4957-8D86-0BCA31BC8343}.Release|x86.ActiveCfg = Release|Any CPU
		{EBE4D852-4176-4957-8D86-0BCA31BC8343}.Release|x86.Build.0 = Release|Any CPU
		{E6EDF863-BB14-4120-9BF5-09596F09B6C7}.Debug|Any CPU.ActiveCfg = Debug|Any CPU
		{E6EDF863-BB14-4120-9BF5-09596F09B6C7}.Debug|Any CPU.Build.0 = Debug|Any CPU
		{E6EDF863-BB14-4120-9BF5-09596F09B6C7}.Debug|x64.ActiveCfg = Debug|Any CPU
		{E6EDF863-BB14-4120-9BF5-09596F09B6C7}.Debug|x64.Build.0 = Debug|Any CPU
		{E6EDF863-BB14-4120-9BF5-09596F09B6C7}.Debug|x86.ActiveCfg = Debug|Any CPU
		{E6EDF863-BB14-4120-9BF5-09596F09B6C7}.Debug|x86.Build.0 = Debug|Any CPU
		{E6EDF863-BB14-4120-9BF5-09596F09B6C7}.Release|Any CPU.ActiveCfg = Release|Any CPU
		{E6EDF863-BB14-4120-9BF5-09596F09B6C7}.Release|Any CPU.Build.0 = Release|Any CPU
		{E6EDF863-BB14-4120-9BF5-09596F09B6C7}.Release|x64.ActiveCfg = Release|Any CPU
		{E6EDF863-BB14-4120-9BF5-09596F09B6C7}.Release|x64.Build.0 = Release|Any CPU
		{E6EDF863-BB14-4120-9BF5-09596F09B6C7}.Release|x86.ActiveCfg = Release|Any CPU
		{E6EDF863-BB14-4120-9BF5-09596F09B6C7}.Release|x86.Build.0 = Release|Any CPU
		{A21E646C-EAEE-4B53-81DE-0ADD9C473E7D}.Debug|Any CPU.ActiveCfg = Debug|Any CPU
		{A21E646C-EAEE-4B53-81DE-0ADD9C473E7D}.Debug|Any CPU.Build.0 = Debug|Any CPU
		{A21E646C-EAEE-4B53-81DE-0ADD9C473E7D}.Debug|x64.ActiveCfg = Debug|Any CPU
		{A21E646C-EAEE-4B53-81DE-0ADD9C473E7D}.Debug|x64.Build.0 = Debug|Any CPU
		{A21E646C-EAEE-4B53-81DE-0ADD9C473E7D}.Debug|x86.ActiveCfg = Debug|Any CPU
		{A21E646C-EAEE-4B53-81DE-0ADD9C473E7D}.Debug|x86.Build.0 = Debug|Any CPU
		{A21E646C-EAEE-4B53-81DE-0ADD9C473E7D}.Release|Any CPU.ActiveCfg = Release|Any CPU
		{A21E646C-EAEE-4B53-81DE-0ADD9C473E7D}.Release|Any CPU.Build.0 = Release|Any CPU
		{A21E646C-EAEE-4B53-81DE-0ADD9C473E7D}.Release|x64.ActiveCfg = Release|Any CPU
		{A21E646C-EAEE-4B53-81DE-0ADD9C473E7D}.Release|x64.Build.0 = Release|Any CPU
		{A21E646C-EAEE-4B53-81DE-0ADD9C473E7D}.Release|x86.ActiveCfg = Release|Any CPU
		{A21E646C-EAEE-4B53-81DE-0ADD9C473E7D}.Release|x86.Build.0 = Release|Any CPU
		{8A4DCE62-438A-4E86-B64E-F1542F7058F4}.Debug|Any CPU.ActiveCfg = Debug|Any CPU
		{8A4DCE62-438A-4E86-B64E-F1542F7058F4}.Debug|Any CPU.Build.0 = Debug|Any CPU
		{8A4DCE62-438A-4E86-B64E-F1542F7058F4}.Debug|x64.ActiveCfg = Debug|Any CPU
		{8A4DCE62-438A-4E86-B64E-F1542F7058F4}.Debug|x64.Build.0 = Debug|Any CPU
		{8A4DCE62-438A-4E86-B64E-F1542F7058F4}.Debug|x86.ActiveCfg = Debug|Any CPU
		{8A4DCE62-438A-4E86-B64E-F1542F7058F4}.Debug|x86.Build.0 = Debug|Any CPU
		{8A4DCE62-438A-4E86-B64E-F1542F7058F4}.Release|Any CPU.ActiveCfg = Release|Any CPU
		{8A4DCE62-438A-4E86-B64E-F1542F7058F4}.Release|Any CPU.Build.0 = Release|Any CPU
		{8A4DCE62-438A-4E86-B64E-F1542F7058F4}.Release|x64.ActiveCfg = Release|Any CPU
		{8A4DCE62-438A-4E86-B64E-F1542F7058F4}.Release|x64.Build.0 = Release|Any CPU
		{8A4DCE62-438A-4E86-B64E-F1542F7058F4}.Release|x86.ActiveCfg = Release|Any CPU
		{8A4DCE62-438A-4E86-B64E-F1542F7058F4}.Release|x86.Build.0 = Release|Any CPU
	EndGlobalSection
	GlobalSection(SolutionProperties) = preSolution
		HideSolutionNode = FALSE
	EndGlobalSection
	GlobalSection(ExtensibilityGlobals) = postSolution
		SolutionGuid = {09FB0ACC-76C4-403D-933F-5B072239926B}
	EndGlobalSection
EndGlobal
